
Microsoft Visual Studio Solution File, Format Version 12.00
# Visual Studio Version 17
VisualStudioVersion = 17.13.35919.96
MinimumVisualStudioVersion = 10.0.40219.1
Project("{FAE04EC0-301F-11D3-BF4B-00C04F79EFBC}") = "Peo.Core", "src\Peo.Core\Peo.Core.csproj", "{BDE536D7-1C0F-47D2-9A85-EB7E1F1853A5}"
EndProject
Project("{FAE04EC0-301F-11D3-BF4B-00C04F79EFBC}") = "Peo.Core.Infra.Data", "src\Peo.Core.Infra.Data\Peo.Core.Infra.Data.csproj", "{54703411-5DE5-4CB6-B68E-CFC420E65160}"
EndProject
Project("{FAE04EC0-301F-11D3-BF4B-00C04F79EFBC}") = "Peo.Identity.Domain", "src\Peo.Identity.Domain\Peo.Identity.Domain.csproj", "{6EA2CBDB-5F8E-458E-A13A-99EF4E2D1A08}"
EndProject
Project("{FAE04EC0-301F-11D3-BF4B-00C04F79EFBC}") = "Peo.Identity.Infra.Data", "src\Peo.Identity.Infra.Data\Peo.Identity.Infra.Data.csproj", "{A6D86B25-AF5B-4985-81C5-CF7F5ACD3C65}"
EndProject
Project("{2150E333-8FDC-42A3-9474-1A3956D46DE8}") = "Building Blocks", "Building Blocks", "{02EA681E-C7D8-13C7-8484-4AC65E1B71E8}"
EndProject
Project("{2150E333-8FDC-42A3-9474-1A3956D46DE8}") = "Web", "Web", "{EC8BC70B-78FE-4F07-9D03-C25C856C2F2E}"
EndProject
Project("{2150E333-8FDC-42A3-9474-1A3956D46DE8}") = "Identity", "Identity", "{A8C0840D-E2E4-40F1-9436-648EFC6FC9F8}"
EndProject
Project("{2150E333-8FDC-42A3-9474-1A3956D46DE8}") = "_Solution Items", "_Solution Items", "{8EC462FD-D22E-90A8-E5CE-7E832BA40C5D}"
EndProject
Project("{FAE04EC0-301F-11D3-BF4B-00C04F79EFBC}") = "Peo.Identity.Application", "src\Peo.Identity.Application\Peo.Identity.Application.csproj", "{7D69AD3E-8376-4F06-9DE9-96FC69ABBF98}"
EndProject
Project("{FAE04EC0-301F-11D3-BF4B-00C04F79EFBC}") = "Peo.Core.Web", "src\Peo.Core.Web\Peo.Core.Web.csproj", "{A632C1F6-BB9B-4AD4-89EB-C6C275649FBE}"
EndProject
Project("{2150E333-8FDC-42A3-9474-1A3956D46DE8}") = "GestaoConteudo", "GestaoConteudo", "{38B2A1AF-152F-4267-8C79-8EE03343FB96}"
EndProject
Project("{2150E333-8FDC-42A3-9474-1A3956D46DE8}") = "BCs", "BCs", "{7E612033-D7CE-4A9F-BD8A-4086911E865B}"
EndProject
Project("{FAE04EC0-301F-11D3-BF4B-00C04F79EFBC}") = "Peo.GestaoConteudo.Domain", "src\Peo.GestaoConteudo.Domain\Peo.GestaoConteudo.Domain.csproj", "{CE05B9E6-9743-4795-94DE-16410428DF6C}"
EndProject
Project("{FAE04EC0-301F-11D3-BF4B-00C04F79EFBC}") = "Peo.GestaoConteudo.Application", "src\Peo.GestaoConteudo.Application\Peo.GestaoConteudo.Application.csproj", "{6B13F2D6-0515-441D-8010-A1FD1F80387D}"
EndProject
Project("{FAE04EC0-301F-11D3-BF4B-00C04F79EFBC}") = "Peo.GestaoConteudo.Infra.Data", "src\Peo.GestaoConteudo.Infra.Data\Peo.GestaoConteudo.Infra.Data.csproj", "{69BB8792-F843-4837-B6E7-E03831EC7D4D}"
EndProject
Project("{2150E333-8FDC-42A3-9474-1A3956D46DE8}") = "GestaoAlunos", "GestaoAlunos", "{5B0BD767-0B72-4A4F-B117-8989B899DC9B}"
EndProject
Project("{FAE04EC0-301F-11D3-BF4B-00C04F79EFBC}") = "Peo.GestaoAlunos.Domain", "src\Peo.GestaoAlunos.Domain\Peo.GestaoAlunos.Domain.csproj", "{9183301B-9DD0-4BB1-8483-ACB3D222A9C4}"
EndProject
Project("{FAE04EC0-301F-11D3-BF4B-00C04F79EFBC}") = "Peo.GestaoAlunos.Application", "src\Peo.GestaoAlunos.Application\Peo.GestaoAlunos.Application.csproj", "{366F0C36-BB82-48EC-AF0F-FEAA633B4CE4}"
EndProject
Project("{FAE04EC0-301F-11D3-BF4B-00C04F79EFBC}") = "Peo.GestaoAlunos.Infra.Data", "src\Peo.GestaoAlunos.Infra.Data\Peo.GestaoAlunos.Infra.Data.csproj", "{6DDCC1B3-159E-47C5-BB4A-1FE5312AB259}"
EndProject
Project("{2150E333-8FDC-42A3-9474-1A3956D46DE8}") = "Faturamento", "Faturamento", "{397FB400-6213-45BA-BBC5-26DF4EB49D6E}"
EndProject
Project("{FAE04EC0-301F-11D3-BF4B-00C04F79EFBC}") = "Peo.Faturamento.Application", "src\Peo.Faturamento.Application\Peo.Faturamento.Application.csproj", "{F135A34E-F49E-5A31-EC38-8CEB9969E679}"
EndProject
Project("{FAE04EC0-301F-11D3-BF4B-00C04F79EFBC}") = "Peo.Faturamento.Domain", "src\Peo.Faturamento.Domain\Peo.Faturamento.Domain.csproj", "{75AABF76-F196-33C0-0D28-F6C988C92776}"
EndProject
Project("{FAE04EC0-301F-11D3-BF4B-00C04F79EFBC}") = "Peo.Faturamento.Infra.Data", "src\Peo.Faturamento.Infra.Data\Peo.Faturamento.Infra.Data.csproj", "{B310468C-81E3-849E-C0DF-94F80E46BF39}"
EndProject
Project("{FAE04EC0-301F-11D3-BF4B-00C04F79EFBC}") = "Peo.Faturamento.Integrations.Paypal", "src\Peo.Faturamento.Integrations.Paypal\Peo.Faturamento.Integrations.Paypal.csproj", "{2AEE3C2D-4DAE-4F99-8D92-5F05A0203917}"
EndProject
Project("{2150E333-8FDC-42A3-9474-1A3956D46DE8}") = "_Tests", "_Tests", "{6176EAD5-BAC5-431A-A3CF-BF02E3F059D0}"
EndProject
Project("{FAE04EC0-301F-11D3-BF4B-00C04F79EFBC}") = "Peo.Tests.UnitTests", "tests\Peo.Tests.UnitTests\Peo.Tests.UnitTests.csproj", "{3DB5260F-1595-4C21-AE03-E7397764C3C1}"
EndProject
Project("{FAE04EC0-301F-11D3-BF4B-00C04F79EFBC}") = "Peo.Tests.ArchitectureTests", "tests\Peo.Tests.ArchitectureTests\Peo.Tests.ArchitectureTests.csproj", "{E9C561FF-259F-4197-A8CA-FDCFB7C6B70C}"
EndProject
Project("{2150E333-8FDC-42A3-9474-1A3956D46DE8}") = "Scripts", "Scripts", "{D7AA213A-D0A9-447E-87CE-B3D49AE8DE41}"
	ProjectSection(SolutionItems) = preProject
		scripts\run-tests-with-coverage.ps1 = scripts\run-tests-with-coverage.ps1
	EndProjectSection
EndProject
Project("{2150E333-8FDC-42A3-9474-1A3956D46DE8}") = "docs", "docs", "{7454D576-14B3-4D11-B744-0D2B3B1A8E51}"
	ProjectSection(SolutionItems) = preProject
		DEVELOPMENT.md = DEVELOPMENT.md
		README.md = README.md
	EndProjectSection
EndProject
Project("{FAE04EC0-301F-11D3-BF4B-00C04F79EFBC}") = "Peo.Faturamento.WebApi", "src\Peo.Faturamento.WebApi\Peo.Faturamento.WebApi.csproj", "{B657498B-11D2-8052-0057-EA77CCC7CC35}"
EndProject
Project("{FAE04EC0-301F-11D3-BF4B-00C04F79EFBC}") = "Peo.GestaoAlunos.WebApi", "src\Peo.GestaoAlunos.WebApi\Peo.GestaoAlunos.WebApi.csproj", "{14F1432B-8E17-149C-B87A-7E284D10E46B}"
EndProject
Project("{FAE04EC0-301F-11D3-BF4B-00C04F79EFBC}") = "Peo.GestaoConteudo.WebApi", "src\Peo.GestaoConteudo.WebApi\Peo.GestaoConteudo.WebApi.csproj", "{D69AC891-972E-851A-EFE4-EAEC321120EE}"
EndProject
Project("{FAE04EC0-301F-11D3-BF4B-00C04F79EFBC}") = "Peo.Identity.WebApi", "src\Peo.Identity.WebApi\Peo.Identity.WebApi.csproj", "{026985B4-2A27-121C-36A0-56BDE7D256D5}"
EndProject
Project("{2150E333-8FDC-42A3-9474-1A3956D46DE8}") = "Aspire", "Aspire", "{53FAC52B-B2EF-4B0F-AC67-BA288AF6211D}"
EndProject
Project("{FAE04EC0-301F-11D3-BF4B-00C04F79EFBC}") = "Peo.AppHost", "src\Peo.AppHost\Peo.AppHost.csproj", "{83924A1D-E79A-419E-4568-915612423A60}"
EndProject
Project("{FAE04EC0-301F-11D3-BF4B-00C04F79EFBC}") = "Peo.ServiceDefaults", "src\Peo.ServiceDefaults\Peo.ServiceDefaults.csproj", "{0E1125A0-B7D5-1BFA-7A2A-B802F045C29A}"
EndProject
Project("{FAE04EC0-301F-11D3-BF4B-00C04F79EFBC}") = "Peo.Web.Spa", "src\Peo.Web.Spa\Peo.Web.Spa.csproj", "{E98BD772-738B-936E-95B1-637C428A1C2F}"
EndProject
Project("{FAE04EC0-301F-11D3-BF4B-00C04F79EFBC}") = "Peo.Web.Bff", "src\Peo.Web.Bff\Peo.Web.Bff.csproj", "{40F68096-B3F3-A961-0AFD-E731A8874CD7}"
EndProject
Project("{FAE04EC0-301F-11D3-BF4B-00C04F79EFBC}") = "Peo.Core.Infra.ServiceBus", "src\Peo.Core.Infra.ServiceBus\Peo.Core.Infra.ServiceBus.csproj", "{99C27801-492E-4B4D-9D20-3146AFDE4C35}"
EndProject
Project("{2150E333-8FDC-42A3-9474-1A3956D46DE8}") = "Infra", "Infra", "{146F77A3-00B1-4197-AB40-02308F34B081}"
EndProject
Project("{2150E333-8FDC-42A3-9474-1A3956D46DE8}") = "Core", "Core", "{5A08CE9F-AF84-49E3-83FF-2038344C8C1A}"
EndProject
Global
	GlobalSection(SolutionConfigurationPlatforms) = preSolution
		Debug|Any CPU = Debug|Any CPU
		Debug|x64 = Debug|x64
		Debug|x86 = Debug|x86
		Release|Any CPU = Release|Any CPU
		Release|x64 = Release|x64
		Release|x86 = Release|x86
	EndGlobalSection
	GlobalSection(ProjectConfigurationPlatforms) = postSolution
		{BDE536D7-1C0F-47D2-9A85-EB7E1F1853A5}.Debug|Any CPU.ActiveCfg = Debug|Any CPU
		{BDE536D7-1C0F-47D2-9A85-EB7E1F1853A5}.Debug|Any CPU.Build.0 = Debug|Any CPU
		{BDE536D7-1C0F-47D2-9A85-EB7E1F1853A5}.Debug|x64.ActiveCfg = Debug|Any CPU
		{BDE536D7-1C0F-47D2-9A85-EB7E1F1853A5}.Debug|x64.Build.0 = Debug|Any CPU
		{BDE536D7-1C0F-47D2-9A85-EB7E1F1853A5}.Debug|x86.ActiveCfg = Debug|Any CPU
		{BDE536D7-1C0F-47D2-9A85-EB7E1F1853A5}.Debug|x86.Build.0 = Debug|Any CPU
		{BDE536D7-1C0F-47D2-9A85-EB7E1F1853A5}.Release|Any CPU.ActiveCfg = Release|Any CPU
		{BDE536D7-1C0F-47D2-9A85-EB7E1F1853A5}.Release|Any CPU.Build.0 = Release|Any CPU
		{BDE536D7-1C0F-47D2-9A85-EB7E1F1853A5}.Release|x64.ActiveCfg = Release|Any CPU
		{BDE536D7-1C0F-47D2-9A85-EB7E1F1853A5}.Release|x64.Build.0 = Release|Any CPU
		{BDE536D7-1C0F-47D2-9A85-EB7E1F1853A5}.Release|x86.ActiveCfg = Release|Any CPU
		{BDE536D7-1C0F-47D2-9A85-EB7E1F1853A5}.Release|x86.Build.0 = Release|Any CPU
		{54703411-5DE5-4CB6-B68E-CFC420E65160}.Debug|Any CPU.ActiveCfg = Debug|Any CPU
		{54703411-5DE5-4CB6-B68E-CFC420E65160}.Debug|Any CPU.Build.0 = Debug|Any CPU
		{54703411-5DE5-4CB6-B68E-CFC420E65160}.Debug|x64.ActiveCfg = Debug|Any CPU
		{54703411-5DE5-4CB6-B68E-CFC420E65160}.Debug|x64.Build.0 = Debug|Any CPU
		{54703411-5DE5-4CB6-B68E-CFC420E65160}.Debug|x86.ActiveCfg = Debug|Any CPU
		{54703411-5DE5-4CB6-B68E-CFC420E65160}.Debug|x86.Build.0 = Debug|Any CPU
		{54703411-5DE5-4CB6-B68E-CFC420E65160}.Release|Any CPU.ActiveCfg = Release|Any CPU
		{54703411-5DE5-4CB6-B68E-CFC420E65160}.Release|Any CPU.Build.0 = Release|Any CPU
		{54703411-5DE5-4CB6-B68E-CFC420E65160}.Release|x64.ActiveCfg = Release|Any CPU
		{54703411-5DE5-4CB6-B68E-CFC420E65160}.Release|x64.Build.0 = Release|Any CPU
		{54703411-5DE5-4CB6-B68E-CFC420E65160}.Release|x86.ActiveCfg = Release|Any CPU
		{54703411-5DE5-4CB6-B68E-CFC420E65160}.Release|x86.Build.0 = Release|Any CPU
		{6EA2CBDB-5F8E-458E-A13A-99EF4E2D1A08}.Debug|Any CPU.ActiveCfg = Debug|Any CPU
		{6EA2CBDB-5F8E-458E-A13A-99EF4E2D1A08}.Debug|Any CPU.Build.0 = Debug|Any CPU
		{6EA2CBDB-5F8E-458E-A13A-99EF4E2D1A08}.Debug|x64.ActiveCfg = Debug|Any CPU
		{6EA2CBDB-5F8E-458E-A13A-99EF4E2D1A08}.Debug|x64.Build.0 = Debug|Any CPU
		{6EA2CBDB-5F8E-458E-A13A-99EF4E2D1A08}.Debug|x86.ActiveCfg = Debug|Any CPU
		{6EA2CBDB-5F8E-458E-A13A-99EF4E2D1A08}.Debug|x86.Build.0 = Debug|Any CPU
		{6EA2CBDB-5F8E-458E-A13A-99EF4E2D1A08}.Release|Any CPU.ActiveCfg = Release|Any CPU
		{6EA2CBDB-5F8E-458E-A13A-99EF4E2D1A08}.Release|Any CPU.Build.0 = Release|Any CPU
		{6EA2CBDB-5F8E-458E-A13A-99EF4E2D1A08}.Release|x64.ActiveCfg = Release|Any CPU
		{6EA2CBDB-5F8E-458E-A13A-99EF4E2D1A08}.Release|x64.Build.0 = Release|Any CPU
		{6EA2CBDB-5F8E-458E-A13A-99EF4E2D1A08}.Release|x86.ActiveCfg = Release|Any CPU
		{6EA2CBDB-5F8E-458E-A13A-99EF4E2D1A08}.Release|x86.Build.0 = Release|Any CPU
		{A6D86B25-AF5B-4985-81C5-CF7F5ACD3C65}.Debug|Any CPU.ActiveCfg = Debug|Any CPU
		{A6D86B25-AF5B-4985-81C5-CF7F5ACD3C65}.Debug|Any CPU.Build.0 = Debug|Any CPU
		{A6D86B25-AF5B-4985-81C5-CF7F5ACD3C65}.Debug|x64.ActiveCfg = Debug|Any CPU
		{A6D86B25-AF5B-4985-81C5-CF7F5ACD3C65}.Debug|x64.Build.0 = Debug|Any CPU
		{A6D86B25-AF5B-4985-81C5-CF7F5ACD3C65}.Debug|x86.ActiveCfg = Debug|Any CPU
		{A6D86B25-AF5B-4985-81C5-CF7F5ACD3C65}.Debug|x86.Build.0 = Debug|Any CPU
		{A6D86B25-AF5B-4985-81C5-CF7F5ACD3C65}.Release|Any CPU.ActiveCfg = Release|Any CPU
		{A6D86B25-AF5B-4985-81C5-CF7F5ACD3C65}.Release|Any CPU.Build.0 = Release|Any CPU
		{A6D86B25-AF5B-4985-81C5-CF7F5ACD3C65}.Release|x64.ActiveCfg = Release|Any CPU
		{A6D86B25-AF5B-4985-81C5-CF7F5ACD3C65}.Release|x64.Build.0 = Release|Any CPU
		{A6D86B25-AF5B-4985-81C5-CF7F5ACD3C65}.Release|x86.ActiveCfg = Release|Any CPU
		{A6D86B25-AF5B-4985-81C5-CF7F5ACD3C65}.Release|x86.Build.0 = Release|Any CPU
		{7D69AD3E-8376-4F06-9DE9-96FC69ABBF98}.Debug|Any CPU.ActiveCfg = Debug|Any CPU
		{7D69AD3E-8376-4F06-9DE9-96FC69ABBF98}.Debug|Any CPU.Build.0 = Debug|Any CPU
		{7D69AD3E-8376-4F06-9DE9-96FC69ABBF98}.Debug|x64.ActiveCfg = Debug|Any CPU
		{7D69AD3E-8376-4F06-9DE9-96FC69ABBF98}.Debug|x64.Build.0 = Debug|Any CPU
		{7D69AD3E-8376-4F06-9DE9-96FC69ABBF98}.Debug|x86.ActiveCfg = Debug|Any CPU
		{7D69AD3E-8376-4F06-9DE9-96FC69ABBF98}.Debug|x86.Build.0 = Debug|Any CPU
		{7D69AD3E-8376-4F06-9DE9-96FC69ABBF98}.Release|Any CPU.ActiveCfg = Release|Any CPU
		{7D69AD3E-8376-4F06-9DE9-96FC69ABBF98}.Release|Any CPU.Build.0 = Release|Any CPU
		{7D69AD3E-8376-4F06-9DE9-96FC69ABBF98}.Release|x64.ActiveCfg = Release|Any CPU
		{7D69AD3E-8376-4F06-9DE9-96FC69ABBF98}.Release|x64.Build.0 = Release|Any CPU
		{7D69AD3E-8376-4F06-9DE9-96FC69ABBF98}.Release|x86.ActiveCfg = Release|Any CPU
		{7D69AD3E-8376-4F06-9DE9-96FC69ABBF98}.Release|x86.Build.0 = Release|Any CPU
		{A632C1F6-BB9B-4AD4-89EB-C6C275649FBE}.Debug|Any CPU.ActiveCfg = Debug|Any CPU
		{A632C1F6-BB9B-4AD4-89EB-C6C275649FBE}.Debug|Any CPU.Build.0 = Debug|Any CPU
		{A632C1F6-BB9B-4AD4-89EB-C6C275649FBE}.Debug|x64.ActiveCfg = Debug|Any CPU
		{A632C1F6-BB9B-4AD4-89EB-C6C275649FBE}.Debug|x64.Build.0 = Debug|Any CPU
		{A632C1F6-BB9B-4AD4-89EB-C6C275649FBE}.Debug|x86.ActiveCfg = Debug|Any CPU
		{A632C1F6-BB9B-4AD4-89EB-C6C275649FBE}.Debug|x86.Build.0 = Debug|Any CPU
		{A632C1F6-BB9B-4AD4-89EB-C6C275649FBE}.Release|Any CPU.ActiveCfg = Release|Any CPU
		{A632C1F6-BB9B-4AD4-89EB-C6C275649FBE}.Release|Any CPU.Build.0 = Release|Any CPU
		{A632C1F6-BB9B-4AD4-89EB-C6C275649FBE}.Release|x64.ActiveCfg = Release|Any CPU
		{A632C1F6-BB9B-4AD4-89EB-C6C275649FBE}.Release|x64.Build.0 = Release|Any CPU
		{A632C1F6-BB9B-4AD4-89EB-C6C275649FBE}.Release|x86.ActiveCfg = Release|Any CPU
		{A632C1F6-BB9B-4AD4-89EB-C6C275649FBE}.Release|x86.Build.0 = Release|Any CPU
		{CE05B9E6-9743-4795-94DE-16410428DF6C}.Debug|Any CPU.ActiveCfg = Debug|Any CPU
		{CE05B9E6-9743-4795-94DE-16410428DF6C}.Debug|Any CPU.Build.0 = Debug|Any CPU
		{CE05B9E6-9743-4795-94DE-16410428DF6C}.Debug|x64.ActiveCfg = Debug|Any CPU
		{CE05B9E6-9743-4795-94DE-16410428DF6C}.Debug|x64.Build.0 = Debug|Any CPU
		{CE05B9E6-9743-4795-94DE-16410428DF6C}.Debug|x86.ActiveCfg = Debug|Any CPU
		{CE05B9E6-9743-4795-94DE-16410428DF6C}.Debug|x86.Build.0 = Debug|Any CPU
		{CE05B9E6-9743-4795-94DE-16410428DF6C}.Release|Any CPU.ActiveCfg = Release|Any CPU
		{CE05B9E6-9743-4795-94DE-16410428DF6C}.Release|Any CPU.Build.0 = Release|Any CPU
		{CE05B9E6-9743-4795-94DE-16410428DF6C}.Release|x64.ActiveCfg = Release|Any CPU
		{CE05B9E6-9743-4795-94DE-16410428DF6C}.Release|x64.Build.0 = Release|Any CPU
		{CE05B9E6-9743-4795-94DE-16410428DF6C}.Release|x86.ActiveCfg = Release|Any CPU
		{CE05B9E6-9743-4795-94DE-16410428DF6C}.Release|x86.Build.0 = Release|Any CPU
		{6B13F2D6-0515-441D-8010-A1FD1F80387D}.Debug|Any CPU.ActiveCfg = Debug|Any CPU
		{6B13F2D6-0515-441D-8010-A1FD1F80387D}.Debug|Any CPU.Build.0 = Debug|Any CPU
		{6B13F2D6-0515-441D-8010-A1FD1F80387D}.Debug|x64.ActiveCfg = Debug|Any CPU
		{6B13F2D6-0515-441D-8010-A1FD1F80387D}.Debug|x64.Build.0 = Debug|Any CPU
		{6B13F2D6-0515-441D-8010-A1FD1F80387D}.Debug|x86.ActiveCfg = Debug|Any CPU
		{6B13F2D6-0515-441D-8010-A1FD1F80387D}.Debug|x86.Build.0 = Debug|Any CPU
		{6B13F2D6-0515-441D-8010-A1FD1F80387D}.Release|Any CPU.ActiveCfg = Release|Any CPU
		{6B13F2D6-0515-441D-8010-A1FD1F80387D}.Release|Any CPU.Build.0 = Release|Any CPU
		{6B13F2D6-0515-441D-8010-A1FD1F80387D}.Release|x64.ActiveCfg = Release|Any CPU
		{6B13F2D6-0515-441D-8010-A1FD1F80387D}.Release|x64.Build.0 = Release|Any CPU
		{6B13F2D6-0515-441D-8010-A1FD1F80387D}.Release|x86.ActiveCfg = Release|Any CPU
		{6B13F2D6-0515-441D-8010-A1FD1F80387D}.Release|x86.Build.0 = Release|Any CPU
		{69BB8792-F843-4837-B6E7-E03831EC7D4D}.Debug|Any CPU.ActiveCfg = Debug|Any CPU
		{69BB8792-F843-4837-B6E7-E03831EC7D4D}.Debug|Any CPU.Build.0 = Debug|Any CPU
		{69BB8792-F843-4837-B6E7-E03831EC7D4D}.Debug|x64.ActiveCfg = Debug|Any CPU
		{69BB8792-F843-4837-B6E7-E03831EC7D4D}.Debug|x64.Build.0 = Debug|Any CPU
		{69BB8792-F843-4837-B6E7-E03831EC7D4D}.Debug|x86.ActiveCfg = Debug|Any CPU
		{69BB8792-F843-4837-B6E7-E03831EC7D4D}.Debug|x86.Build.0 = Debug|Any CPU
		{69BB8792-F843-4837-B6E7-E03831EC7D4D}.Release|Any CPU.ActiveCfg = Release|Any CPU
		{69BB8792-F843-4837-B6E7-E03831EC7D4D}.Release|Any CPU.Build.0 = Release|Any CPU
		{69BB8792-F843-4837-B6E7-E03831EC7D4D}.Release|x64.ActiveCfg = Release|Any CPU
		{69BB8792-F843-4837-B6E7-E03831EC7D4D}.Release|x64.Build.0 = Release|Any CPU
		{69BB8792-F843-4837-B6E7-E03831EC7D4D}.Release|x86.ActiveCfg = Release|Any CPU
		{69BB8792-F843-4837-B6E7-E03831EC7D4D}.Release|x86.Build.0 = Release|Any CPU
		{9183301B-9DD0-4BB1-8483-ACB3D222A9C4}.Debug|Any CPU.ActiveCfg = Debug|Any CPU
		{9183301B-9DD0-4BB1-8483-ACB3D222A9C4}.Debug|Any CPU.Build.0 = Debug|Any CPU
		{9183301B-9DD0-4BB1-8483-ACB3D222A9C4}.Debug|x64.ActiveCfg = Debug|Any CPU
		{9183301B-9DD0-4BB1-8483-ACB3D222A9C4}.Debug|x64.Build.0 = Debug|Any CPU
		{9183301B-9DD0-4BB1-8483-ACB3D222A9C4}.Debug|x86.ActiveCfg = Debug|Any CPU
		{9183301B-9DD0-4BB1-8483-ACB3D222A9C4}.Debug|x86.Build.0 = Debug|Any CPU
		{9183301B-9DD0-4BB1-8483-ACB3D222A9C4}.Release|Any CPU.ActiveCfg = Release|Any CPU
		{9183301B-9DD0-4BB1-8483-ACB3D222A9C4}.Release|Any CPU.Build.0 = Release|Any CPU
		{9183301B-9DD0-4BB1-8483-ACB3D222A9C4}.Release|x64.ActiveCfg = Release|Any CPU
		{9183301B-9DD0-4BB1-8483-ACB3D222A9C4}.Release|x64.Build.0 = Release|Any CPU
		{9183301B-9DD0-4BB1-8483-ACB3D222A9C4}.Release|x86.ActiveCfg = Release|Any CPU
		{9183301B-9DD0-4BB1-8483-ACB3D222A9C4}.Release|x86.Build.0 = Release|Any CPU
		{366F0C36-BB82-48EC-AF0F-FEAA633B4CE4}.Debug|Any CPU.ActiveCfg = Debug|Any CPU
		{366F0C36-BB82-48EC-AF0F-FEAA633B4CE4}.Debug|Any CPU.Build.0 = Debug|Any CPU
		{366F0C36-BB82-48EC-AF0F-FEAA633B4CE4}.Debug|x64.ActiveCfg = Debug|Any CPU
		{366F0C36-BB82-48EC-AF0F-FEAA633B4CE4}.Debug|x64.Build.0 = Debug|Any CPU
		{366F0C36-BB82-48EC-AF0F-FEAA633B4CE4}.Debug|x86.ActiveCfg = Debug|Any CPU
		{366F0C36-BB82-48EC-AF0F-FEAA633B4CE4}.Debug|x86.Build.0 = Debug|Any CPU
		{366F0C36-BB82-48EC-AF0F-FEAA633B4CE4}.Release|Any CPU.ActiveCfg = Release|Any CPU
		{366F0C36-BB82-48EC-AF0F-FEAA633B4CE4}.Release|Any CPU.Build.0 = Release|Any CPU
		{366F0C36-BB82-48EC-AF0F-FEAA633B4CE4}.Release|x64.ActiveCfg = Release|Any CPU
		{366F0C36-BB82-48EC-AF0F-FEAA633B4CE4}.Release|x64.Build.0 = Release|Any CPU
		{366F0C36-BB82-48EC-AF0F-FEAA633B4CE4}.Release|x86.ActiveCfg = Release|Any CPU
		{366F0C36-BB82-48EC-AF0F-FEAA633B4CE4}.Release|x86.Build.0 = Release|Any CPU
		{6DDCC1B3-159E-47C5-BB4A-1FE5312AB259}.Debug|Any CPU.ActiveCfg = Debug|Any CPU
		{6DDCC1B3-159E-47C5-BB4A-1FE5312AB259}.Debug|Any CPU.Build.0 = Debug|Any CPU
		{6DDCC1B3-159E-47C5-BB4A-1FE5312AB259}.Debug|x64.ActiveCfg = Debug|Any CPU
		{6DDCC1B3-159E-47C5-BB4A-1FE5312AB259}.Debug|x64.Build.0 = Debug|Any CPU
		{6DDCC1B3-159E-47C5-BB4A-1FE5312AB259}.Debug|x86.ActiveCfg = Debug|Any CPU
		{6DDCC1B3-159E-47C5-BB4A-1FE5312AB259}.Debug|x86.Build.0 = Debug|Any CPU
		{6DDCC1B3-159E-47C5-BB4A-1FE5312AB259}.Release|Any CPU.ActiveCfg = Release|Any CPU
		{6DDCC1B3-159E-47C5-BB4A-1FE5312AB259}.Release|Any CPU.Build.0 = Release|Any CPU
		{6DDCC1B3-159E-47C5-BB4A-1FE5312AB259}.Release|x64.ActiveCfg = Release|Any CPU
		{6DDCC1B3-159E-47C5-BB4A-1FE5312AB259}.Release|x64.Build.0 = Release|Any CPU
		{6DDCC1B3-159E-47C5-BB4A-1FE5312AB259}.Release|x86.ActiveCfg = Release|Any CPU
		{6DDCC1B3-159E-47C5-BB4A-1FE5312AB259}.Release|x86.Build.0 = Release|Any CPU
		{F135A34E-F49E-5A31-EC38-8CEB9969E679}.Debug|Any CPU.ActiveCfg = Debug|Any CPU
		{F135A34E-F49E-5A31-EC38-8CEB9969E679}.Debug|Any CPU.Build.0 = Debug|Any CPU
		{F135A34E-F49E-5A31-EC38-8CEB9969E679}.Debug|x64.ActiveCfg = Debug|Any CPU
		{F135A34E-F49E-5A31-EC38-8CEB9969E679}.Debug|x64.Build.0 = Debug|Any CPU
		{F135A34E-F49E-5A31-EC38-8CEB9969E679}.Debug|x86.ActiveCfg = Debug|Any CPU
		{F135A34E-F49E-5A31-EC38-8CEB9969E679}.Debug|x86.Build.0 = Debug|Any CPU
		{F135A34E-F49E-5A31-EC38-8CEB9969E679}.Release|Any CPU.ActiveCfg = Release|Any CPU
		{F135A34E-F49E-5A31-EC38-8CEB9969E679}.Release|Any CPU.Build.0 = Release|Any CPU
		{F135A34E-F49E-5A31-EC38-8CEB9969E679}.Release|x64.ActiveCfg = Release|Any CPU
		{F135A34E-F49E-5A31-EC38-8CEB9969E679}.Release|x64.Build.0 = Release|Any CPU
		{F135A34E-F49E-5A31-EC38-8CEB9969E679}.Release|x86.ActiveCfg = Release|Any CPU
		{F135A34E-F49E-5A31-EC38-8CEB9969E679}.Release|x86.Build.0 = Release|Any CPU
		{75AABF76-F196-33C0-0D28-F6C988C92776}.Debug|Any CPU.ActiveCfg = Debug|Any CPU
		{75AABF76-F196-33C0-0D28-F6C988C92776}.Debug|Any CPU.Build.0 = Debug|Any CPU
		{75AABF76-F196-33C0-0D28-F6C988C92776}.Debug|x64.ActiveCfg = Debug|Any CPU
		{75AABF76-F196-33C0-0D28-F6C988C92776}.Debug|x64.Build.0 = Debug|Any CPU
		{75AABF76-F196-33C0-0D28-F6C988C92776}.Debug|x86.ActiveCfg = Debug|Any CPU
		{75AABF76-F196-33C0-0D28-F6C988C92776}.Debug|x86.Build.0 = Debug|Any CPU
		{75AABF76-F196-33C0-0D28-F6C988C92776}.Release|Any CPU.ActiveCfg = Release|Any CPU
		{75AABF76-F196-33C0-0D28-F6C988C92776}.Release|Any CPU.Build.0 = Release|Any CPU
		{75AABF76-F196-33C0-0D28-F6C988C92776}.Release|x64.ActiveCfg = Release|Any CPU
		{75AABF76-F196-33C0-0D28-F6C988C92776}.Release|x64.Build.0 = Release|Any CPU
		{75AABF76-F196-33C0-0D28-F6C988C92776}.Release|x86.ActiveCfg = Release|Any CPU
		{75AABF76-F196-33C0-0D28-F6C988C92776}.Release|x86.Build.0 = Release|Any CPU
		{B310468C-81E3-849E-C0DF-94F80E46BF39}.Debug|Any CPU.ActiveCfg = Debug|Any CPU
		{B310468C-81E3-849E-C0DF-94F80E46BF39}.Debug|Any CPU.Build.0 = Debug|Any CPU
		{B310468C-81E3-849E-C0DF-94F80E46BF39}.Debug|x64.ActiveCfg = Debug|Any CPU
		{B310468C-81E3-849E-C0DF-94F80E46BF39}.Debug|x64.Build.0 = Debug|Any CPU
		{B310468C-81E3-849E-C0DF-94F80E46BF39}.Debug|x86.ActiveCfg = Debug|Any CPU
		{B310468C-81E3-849E-C0DF-94F80E46BF39}.Debug|x86.Build.0 = Debug|Any CPU
		{B310468C-81E3-849E-C0DF-94F80E46BF39}.Release|Any CPU.ActiveCfg = Release|Any CPU
		{B310468C-81E3-849E-C0DF-94F80E46BF39}.Release|Any CPU.Build.0 = Release|Any CPU
		{B310468C-81E3-849E-C0DF-94F80E46BF39}.Release|x64.ActiveCfg = Release|Any CPU
		{B310468C-81E3-849E-C0DF-94F80E46BF39}.Release|x64.Build.0 = Release|Any CPU
		{B310468C-81E3-849E-C0DF-94F80E46BF39}.Release|x86.ActiveCfg = Release|Any CPU
		{B310468C-81E3-849E-C0DF-94F80E46BF39}.Release|x86.Build.0 = Release|Any CPU
		{2AEE3C2D-4DAE-4F99-8D92-5F05A0203917}.Debug|Any CPU.ActiveCfg = Debug|Any CPU
		{2AEE3C2D-4DAE-4F99-8D92-5F05A0203917}.Debug|Any CPU.Build.0 = Debug|Any CPU
		{2AEE3C2D-4DAE-4F99-8D92-5F05A0203917}.Debug|x64.ActiveCfg = Debug|Any CPU
		{2AEE3C2D-4DAE-4F99-8D92-5F05A0203917}.Debug|x64.Build.0 = Debug|Any CPU
		{2AEE3C2D-4DAE-4F99-8D92-5F05A0203917}.Debug|x86.ActiveCfg = Debug|Any CPU
		{2AEE3C2D-4DAE-4F99-8D92-5F05A0203917}.Debug|x86.Build.0 = Debug|Any CPU
		{2AEE3C2D-4DAE-4F99-8D92-5F05A0203917}.Release|Any CPU.ActiveCfg = Release|Any CPU
		{2AEE3C2D-4DAE-4F99-8D92-5F05A0203917}.Release|Any CPU.Build.0 = Release|Any CPU
		{2AEE3C2D-4DAE-4F99-8D92-5F05A0203917}.Release|x64.ActiveCfg = Release|Any CPU
		{2AEE3C2D-4DAE-4F99-8D92-5F05A0203917}.Release|x64.Build.0 = Release|Any CPU
		{2AEE3C2D-4DAE-4F99-8D92-5F05A0203917}.Release|x86.ActiveCfg = Release|Any CPU
		{2AEE3C2D-4DAE-4F99-8D92-5F05A0203917}.Release|x86.Build.0 = Release|Any CPU
		{3DB5260F-1595-4C21-AE03-E7397764C3C1}.Debug|Any CPU.ActiveCfg = Debug|Any CPU
		{3DB5260F-1595-4C21-AE03-E7397764C3C1}.Debug|Any CPU.Build.0 = Debug|Any CPU
		{3DB5260F-1595-4C21-AE03-E7397764C3C1}.Debug|x64.ActiveCfg = Debug|Any CPU
		{3DB5260F-1595-4C21-AE03-E7397764C3C1}.Debug|x64.Build.0 = Debug|Any CPU
		{3DB5260F-1595-4C21-AE03-E7397764C3C1}.Debug|x86.ActiveCfg = Debug|Any CPU
		{3DB5260F-1595-4C21-AE03-E7397764C3C1}.Debug|x86.Build.0 = Debug|Any CPU
		{3DB5260F-1595-4C21-AE03-E7397764C3C1}.Release|Any CPU.ActiveCfg = Release|Any CPU
		{3DB5260F-1595-4C21-AE03-E7397764C3C1}.Release|Any CPU.Build.0 = Release|Any CPU
		{3DB5260F-1595-4C21-AE03-E7397764C3C1}.Release|x64.ActiveCfg = Release|Any CPU
		{3DB5260F-1595-4C21-AE03-E7397764C3C1}.Release|x64.Build.0 = Release|Any CPU
		{3DB5260F-1595-4C21-AE03-E7397764C3C1}.Release|x86.ActiveCfg = Release|Any CPU
		{3DB5260F-1595-4C21-AE03-E7397764C3C1}.Release|x86.Build.0 = Release|Any CPU
		{E9C561FF-259F-4197-A8CA-FDCFB7C6B70C}.Debug|Any CPU.ActiveCfg = Debug|Any CPU
		{E9C561FF-259F-4197-A8CA-FDCFB7C6B70C}.Debug|Any CPU.Build.0 = Debug|Any CPU
		{E9C561FF-259F-4197-A8CA-FDCFB7C6B70C}.Debug|x64.ActiveCfg = Debug|Any CPU
		{E9C561FF-259F-4197-A8CA-FDCFB7C6B70C}.Debug|x64.Build.0 = Debug|Any CPU
		{E9C561FF-259F-4197-A8CA-FDCFB7C6B70C}.Debug|x86.ActiveCfg = Debug|Any CPU
		{E9C561FF-259F-4197-A8CA-FDCFB7C6B70C}.Debug|x86.Build.0 = Debug|Any CPU
		{E9C561FF-259F-4197-A8CA-FDCFB7C6B70C}.Release|Any CPU.ActiveCfg = Release|Any CPU
		{E9C561FF-259F-4197-A8CA-FDCFB7C6B70C}.Release|Any CPU.Build.0 = Release|Any CPU
		{E9C561FF-259F-4197-A8CA-FDCFB7C6B70C}.Release|x64.ActiveCfg = Release|Any CPU
		{E9C561FF-259F-4197-A8CA-FDCFB7C6B70C}.Release|x64.Build.0 = Release|Any CPU
		{E9C561FF-259F-4197-A8CA-FDCFB7C6B70C}.Release|x86.ActiveCfg = Release|Any CPU
		{E9C561FF-259F-4197-A8CA-FDCFB7C6B70C}.Release|x86.Build.0 = Release|Any CPU
		{B657498B-11D2-8052-0057-EA77CCC7CC35}.Debug|Any CPU.ActiveCfg = Debug|Any CPU
		{B657498B-11D2-8052-0057-EA77CCC7CC35}.Debug|Any CPU.Build.0 = Debug|Any CPU
		{B657498B-11D2-8052-0057-EA77CCC7CC35}.Debug|x64.ActiveCfg = Debug|Any CPU
		{B657498B-11D2-8052-0057-EA77CCC7CC35}.Debug|x64.Build.0 = Debug|Any CPU
		{B657498B-11D2-8052-0057-EA77CCC7CC35}.Debug|x86.ActiveCfg = Debug|Any CPU
		{B657498B-11D2-8052-0057-EA77CCC7CC35}.Debug|x86.Build.0 = Debug|Any CPU
		{B657498B-11D2-8052-0057-EA77CCC7CC35}.Release|Any CPU.ActiveCfg = Release|Any CPU
		{B657498B-11D2-8052-0057-EA77CCC7CC35}.Release|Any CPU.Build.0 = Release|Any CPU
		{B657498B-11D2-8052-0057-EA77CCC7CC35}.Release|x64.ActiveCfg = Release|Any CPU
		{B657498B-11D2-8052-0057-EA77CCC7CC35}.Release|x64.Build.0 = Release|Any CPU
		{B657498B-11D2-8052-0057-EA77CCC7CC35}.Release|x86.ActiveCfg = Release|Any CPU
		{B657498B-11D2-8052-0057-EA77CCC7CC35}.Release|x86.Build.0 = Release|Any CPU
		{14F1432B-8E17-149C-B87A-7E284D10E46B}.Debug|Any CPU.ActiveCfg = Debug|Any CPU
		{14F1432B-8E17-149C-B87A-7E284D10E46B}.Debug|Any CPU.Build.0 = Debug|Any CPU
		{14F1432B-8E17-149C-B87A-7E284D10E46B}.Debug|x64.ActiveCfg = Debug|Any CPU
		{14F1432B-8E17-149C-B87A-7E284D10E46B}.Debug|x64.Build.0 = Debug|Any CPU
		{14F1432B-8E17-149C-B87A-7E284D10E46B}.Debug|x86.ActiveCfg = Debug|Any CPU
		{14F1432B-8E17-149C-B87A-7E284D10E46B}.Debug|x86.Build.0 = Debug|Any CPU
		{14F1432B-8E17-149C-B87A-7E284D10E46B}.Release|Any CPU.ActiveCfg = Release|Any CPU
		{14F1432B-8E17-149C-B87A-7E284D10E46B}.Release|Any CPU.Build.0 = Release|Any CPU
		{14F1432B-8E17-149C-B87A-7E284D10E46B}.Release|x64.ActiveCfg = Release|Any CPU
		{14F1432B-8E17-149C-B87A-7E284D10E46B}.Release|x64.Build.0 = Release|Any CPU
		{14F1432B-8E17-149C-B87A-7E284D10E46B}.Release|x86.ActiveCfg = Release|Any CPU
		{14F1432B-8E17-149C-B87A-7E284D10E46B}.Release|x86.Build.0 = Release|Any CPU
		{D69AC891-972E-851A-EFE4-EAEC321120EE}.Debug|Any CPU.ActiveCfg = Debug|Any CPU
		{D69AC891-972E-851A-EFE4-EAEC321120EE}.Debug|Any CPU.Build.0 = Debug|Any CPU
		{D69AC891-972E-851A-EFE4-EAEC321120EE}.Debug|x64.ActiveCfg = Debug|Any CPU
		{D69AC891-972E-851A-EFE4-EAEC321120EE}.Debug|x64.Build.0 = Debug|Any CPU
		{D69AC891-972E-851A-EFE4-EAEC321120EE}.Debug|x86.ActiveCfg = Debug|Any CPU
		{D69AC891-972E-851A-EFE4-EAEC321120EE}.Debug|x86.Build.0 = Debug|Any CPU
		{D69AC891-972E-851A-EFE4-EAEC321120EE}.Release|Any CPU.ActiveCfg = Release|Any CPU
		{D69AC891-972E-851A-EFE4-EAEC321120EE}.Release|Any CPU.Build.0 = Release|Any CPU
		{D69AC891-972E-851A-EFE4-EAEC321120EE}.Release|x64.ActiveCfg = Release|Any CPU
		{D69AC891-972E-851A-EFE4-EAEC321120EE}.Release|x64.Build.0 = Release|Any CPU
		{D69AC891-972E-851A-EFE4-EAEC321120EE}.Release|x86.ActiveCfg = Release|Any CPU
		{D69AC891-972E-851A-EFE4-EAEC321120EE}.Release|x86.Build.0 = Release|Any CPU
		{026985B4-2A27-121C-36A0-56BDE7D256D5}.Debug|Any CPU.ActiveCfg = Debug|Any CPU
		{026985B4-2A27-121C-36A0-56BDE7D256D5}.Debug|Any CPU.Build.0 = Debug|Any CPU
		{026985B4-2A27-121C-36A0-56BDE7D256D5}.Debug|x64.ActiveCfg = Debug|Any CPU
		{026985B4-2A27-121C-36A0-56BDE7D256D5}.Debug|x64.Build.0 = Debug|Any CPU
		{026985B4-2A27-121C-36A0-56BDE7D256D5}.Debug|x86.ActiveCfg = Debug|Any CPU
		{026985B4-2A27-121C-36A0-56BDE7D256D5}.Debug|x86.Build.0 = Debug|Any CPU
		{026985B4-2A27-121C-36A0-56BDE7D256D5}.Release|Any CPU.ActiveCfg = Release|Any CPU
		{026985B4-2A27-121C-36A0-56BDE7D256D5}.Release|Any CPU.Build.0 = Release|Any CPU
		{026985B4-2A27-121C-36A0-56BDE7D256D5}.Release|x64.ActiveCfg = Release|Any CPU
		{026985B4-2A27-121C-36A0-56BDE7D256D5}.Release|x64.Build.0 = Release|Any CPU
		{026985B4-2A27-121C-36A0-56BDE7D256D5}.Release|x86.ActiveCfg = Release|Any CPU
		{026985B4-2A27-121C-36A0-56BDE7D256D5}.Release|x86.Build.0 = Release|Any CPU
		{83924A1D-E79A-419E-4568-915612423A60}.Debug|Any CPU.ActiveCfg = Debug|Any CPU
		{83924A1D-E79A-419E-4568-915612423A60}.Debug|Any CPU.Build.0 = Debug|Any CPU
		{83924A1D-E79A-419E-4568-915612423A60}.Debug|x64.ActiveCfg = Debug|Any CPU
		{83924A1D-E79A-419E-4568-915612423A60}.Debug|x64.Build.0 = Debug|Any CPU
		{83924A1D-E79A-419E-4568-915612423A60}.Debug|x86.ActiveCfg = Debug|Any CPU
		{83924A1D-E79A-419E-4568-915612423A60}.Debug|x86.Build.0 = Debug|Any CPU
		{83924A1D-E79A-419E-4568-915612423A60}.Release|Any CPU.ActiveCfg = Release|Any CPU
		{83924A1D-E79A-419E-4568-915612423A60}.Release|Any CPU.Build.0 = Release|Any CPU
		{83924A1D-E79A-419E-4568-915612423A60}.Release|x64.ActiveCfg = Release|Any CPU
		{83924A1D-E79A-419E-4568-915612423A60}.Release|x64.Build.0 = Release|Any CPU
		{83924A1D-E79A-419E-4568-915612423A60}.Release|x86.ActiveCfg = Release|Any CPU
		{83924A1D-E79A-419E-4568-915612423A60}.Release|x86.Build.0 = Release|Any CPU
		{0E1125A0-B7D5-1BFA-7A2A-B802F045C29A}.Debug|Any CPU.ActiveCfg = Debug|Any CPU
		{0E1125A0-B7D5-1BFA-7A2A-B802F045C29A}.Debug|Any CPU.Build.0 = Debug|Any CPU
		{0E1125A0-B7D5-1BFA-7A2A-B802F045C29A}.Debug|x64.ActiveCfg = Debug|Any CPU
		{0E1125A0-B7D5-1BFA-7A2A-B802F045C29A}.Debug|x64.Build.0 = Debug|Any CPU
		{0E1125A0-B7D5-1BFA-7A2A-B802F045C29A}.Debug|x86.ActiveCfg = Debug|Any CPU
		{0E1125A0-B7D5-1BFA-7A2A-B802F045C29A}.Debug|x86.Build.0 = Debug|Any CPU
		{0E1125A0-B7D5-1BFA-7A2A-B802F045C29A}.Release|Any CPU.ActiveCfg = Release|Any CPU
		{0E1125A0-B7D5-1BFA-7A2A-B802F045C29A}.Release|Any CPU.Build.0 = Release|Any CPU
		{0E1125A0-B7D5-1BFA-7A2A-B802F045C29A}.Release|x64.ActiveCfg = Release|Any CPU
		{0E1125A0-B7D5-1BFA-7A2A-B802F045C29A}.Release|x64.Build.0 = Release|Any CPU
		{0E1125A0-B7D5-1BFA-7A2A-B802F045C29A}.Release|x86.ActiveCfg = Release|Any CPU
		{0E1125A0-B7D5-1BFA-7A2A-B802F045C29A}.Release|x86.Build.0 = Release|Any CPU
		{E98BD772-738B-936E-95B1-637C428A1C2F}.Debug|Any CPU.ActiveCfg = Debug|Any CPU
		{E98BD772-738B-936E-95B1-637C428A1C2F}.Debug|Any CPU.Build.0 = Debug|Any CPU
		{E98BD772-738B-936E-95B1-637C428A1C2F}.Debug|x64.ActiveCfg = Debug|Any CPU
		{E98BD772-738B-936E-95B1-637C428A1C2F}.Debug|x64.Build.0 = Debug|Any CPU
		{E98BD772-738B-936E-95B1-637C428A1C2F}.Debug|x86.ActiveCfg = Debug|Any CPU
		{E98BD772-738B-936E-95B1-637C428A1C2F}.Debug|x86.Build.0 = Debug|Any CPU
		{E98BD772-738B-936E-95B1-637C428A1C2F}.Release|Any CPU.ActiveCfg = Release|Any CPU
		{E98BD772-738B-936E-95B1-637C428A1C2F}.Release|Any CPU.Build.0 = Release|Any CPU
		{E98BD772-738B-936E-95B1-637C428A1C2F}.Release|x64.ActiveCfg = Release|Any CPU
		{E98BD772-738B-936E-95B1-637C428A1C2F}.Release|x64.Build.0 = Release|Any CPU
		{E98BD772-738B-936E-95B1-637C428A1C2F}.Release|x86.ActiveCfg = Release|Any CPU
		{E98BD772-738B-936E-95B1-637C428A1C2F}.Release|x86.Build.0 = Release|Any CPU
		{40F68096-B3F3-A961-0AFD-E731A8874CD7}.Debug|Any CPU.ActiveCfg = Debug|Any CPU
		{40F68096-B3F3-A961-0AFD-E731A8874CD7}.Debug|Any CPU.Build.0 = Debug|Any CPU
		{40F68096-B3F3-A961-0AFD-E731A8874CD7}.Debug|x64.ActiveCfg = Debug|Any CPU
		{40F68096-B3F3-A961-0AFD-E731A8874CD7}.Debug|x64.Build.0 = Debug|Any CPU
		{40F68096-B3F3-A961-0AFD-E731A8874CD7}.Debug|x86.ActiveCfg = Debug|Any CPU
		{40F68096-B3F3-A961-0AFD-E731A8874CD7}.Debug|x86.Build.0 = Debug|Any CPU
		{40F68096-B3F3-A961-0AFD-E731A8874CD7}.Release|Any CPU.ActiveCfg = Release|Any CPU
		{40F68096-B3F3-A961-0AFD-E731A8874CD7}.Release|Any CPU.Build.0 = Release|Any CPU
		{40F68096-B3F3-A961-0AFD-E731A8874CD7}.Release|x64.ActiveCfg = Release|Any CPU
		{40F68096-B3F3-A961-0AFD-E731A8874CD7}.Release|x64.Build.0 = Release|Any CPU
		{40F68096-B3F3-A961-0AFD-E731A8874CD7}.Release|x86.ActiveCfg = Release|Any CPU
		{40F68096-B3F3-A961-0AFD-E731A8874CD7}.Release|x86.Build.0 = Release|Any CPU
		{99C27801-492E-4B4D-9D20-3146AFDE4C35}.Debug|Any CPU.ActiveCfg = Debug|Any CPU
		{99C27801-492E-4B4D-9D20-3146AFDE4C35}.Debug|Any CPU.Build.0 = Debug|Any CPU
		{99C27801-492E-4B4D-9D20-3146AFDE4C35}.Debug|x64.ActiveCfg = Debug|Any CPU
		{99C27801-492E-4B4D-9D20-3146AFDE4C35}.Debug|x64.Build.0 = Debug|Any CPU
		{99C27801-492E-4B4D-9D20-3146AFDE4C35}.Debug|x86.ActiveCfg = Debug|Any CPU
		{99C27801-492E-4B4D-9D20-3146AFDE4C35}.Debug|x86.Build.0 = Debug|Any CPU
		{99C27801-492E-4B4D-9D20-3146AFDE4C35}.Release|Any CPU.ActiveCfg = Release|Any CPU
		{99C27801-492E-4B4D-9D20-3146AFDE4C35}.Release|Any CPU.Build.0 = Release|Any CPU
		{99C27801-492E-4B4D-9D20-3146AFDE4C35}.Release|x64.ActiveCfg = Release|Any CPU
		{99C27801-492E-4B4D-9D20-3146AFDE4C35}.Release|x64.Build.0 = Release|Any CPU
		{99C27801-492E-4B4D-9D20-3146AFDE4C35}.Release|x86.ActiveCfg = Release|Any CPU
		{99C27801-492E-4B4D-9D20-3146AFDE4C35}.Release|x86.Build.0 = Release|Any CPU
	EndGlobalSection
	GlobalSection(SolutionProperties) = preSolution
		HideSolutionNode = FALSE
	EndGlobalSection
	GlobalSection(NestedProjects) = preSolution
		{BDE536D7-1C0F-47D2-9A85-EB7E1F1853A5} = {5A08CE9F-AF84-49E3-83FF-2038344C8C1A}
		{54703411-5DE5-4CB6-B68E-CFC420E65160} = {146F77A3-00B1-4197-AB40-02308F34B081}
		{6EA2CBDB-5F8E-458E-A13A-99EF4E2D1A08} = {A8C0840D-E2E4-40F1-9436-648EFC6FC9F8}
		{A6D86B25-AF5B-4985-81C5-CF7F5ACD3C65} = {A8C0840D-E2E4-40F1-9436-648EFC6FC9F8}
		{A8C0840D-E2E4-40F1-9436-648EFC6FC9F8} = {7E612033-D7CE-4A9F-BD8A-4086911E865B}
		{7D69AD3E-8376-4F06-9DE9-96FC69ABBF98} = {A8C0840D-E2E4-40F1-9436-648EFC6FC9F8}
		{A632C1F6-BB9B-4AD4-89EB-C6C275649FBE} = {5A08CE9F-AF84-49E3-83FF-2038344C8C1A}
		{38B2A1AF-152F-4267-8C79-8EE03343FB96} = {7E612033-D7CE-4A9F-BD8A-4086911E865B}
		{CE05B9E6-9743-4795-94DE-16410428DF6C} = {38B2A1AF-152F-4267-8C79-8EE03343FB96}
		{6B13F2D6-0515-441D-8010-A1FD1F80387D} = {38B2A1AF-152F-4267-8C79-8EE03343FB96}
		{69BB8792-F843-4837-B6E7-E03831EC7D4D} = {38B2A1AF-152F-4267-8C79-8EE03343FB96}
		{5B0BD767-0B72-4A4F-B117-8989B899DC9B} = {7E612033-D7CE-4A9F-BD8A-4086911E865B}
		{9183301B-9DD0-4BB1-8483-ACB3D222A9C4} = {5B0BD767-0B72-4A4F-B117-8989B899DC9B}
		{366F0C36-BB82-48EC-AF0F-FEAA633B4CE4} = {5B0BD767-0B72-4A4F-B117-8989B899DC9B}
		{6DDCC1B3-159E-47C5-BB4A-1FE5312AB259} = {5B0BD767-0B72-4A4F-B117-8989B899DC9B}
		{397FB400-6213-45BA-BBC5-26DF4EB49D6E} = {7E612033-D7CE-4A9F-BD8A-4086911E865B}
		{F135A34E-F49E-5A31-EC38-8CEB9969E679} = {397FB400-6213-45BA-BBC5-26DF4EB49D6E}
		{75AABF76-F196-33C0-0D28-F6C988C92776} = {397FB400-6213-45BA-BBC5-26DF4EB49D6E}
		{B310468C-81E3-849E-C0DF-94F80E46BF39} = {397FB400-6213-45BA-BBC5-26DF4EB49D6E}
		{2AEE3C2D-4DAE-4F99-8D92-5F05A0203917} = {397FB400-6213-45BA-BBC5-26DF4EB49D6E}
		{3DB5260F-1595-4C21-AE03-E7397764C3C1} = {6176EAD5-BAC5-431A-A3CF-BF02E3F059D0}
		{E9C561FF-259F-4197-A8CA-FDCFB7C6B70C} = {6176EAD5-BAC5-431A-A3CF-BF02E3F059D0}
		{D7AA213A-D0A9-447E-87CE-B3D49AE8DE41} = {8EC462FD-D22E-90A8-E5CE-7E832BA40C5D}
		{7454D576-14B3-4D11-B744-0D2B3B1A8E51} = {8EC462FD-D22E-90A8-E5CE-7E832BA40C5D}
		{B657498B-11D2-8052-0057-EA77CCC7CC35} = {397FB400-6213-45BA-BBC5-26DF4EB49D6E}
		{14F1432B-8E17-149C-B87A-7E284D10E46B} = {5B0BD767-0B72-4A4F-B117-8989B899DC9B}
		{D69AC891-972E-851A-EFE4-EAEC321120EE} = {38B2A1AF-152F-4267-8C79-8EE03343FB96}
		{026985B4-2A27-121C-36A0-56BDE7D256D5} = {A8C0840D-E2E4-40F1-9436-648EFC6FC9F8}
		{83924A1D-E79A-419E-4568-915612423A60} = {53FAC52B-B2EF-4B0F-AC67-BA288AF6211D}
		{0E1125A0-B7D5-1BFA-7A2A-B802F045C29A} = {53FAC52B-B2EF-4B0F-AC67-BA288AF6211D}
		{E98BD772-738B-936E-95B1-637C428A1C2F} = {EC8BC70B-78FE-4F07-9D03-C25C856C2F2E}
		{40F68096-B3F3-A961-0AFD-E731A8874CD7} = {EC8BC70B-78FE-4F07-9D03-C25C856C2F2E}
		{99C27801-492E-4B4D-9D20-3146AFDE4C35} = {146F77A3-00B1-4197-AB40-02308F34B081}
		{146F77A3-00B1-4197-AB40-02308F34B081} = {02EA681E-C7D8-13C7-8484-4AC65E1B71E8}
		{5A08CE9F-AF84-49E3-83FF-2038344C8C1A} = {02EA681E-C7D8-13C7-8484-4AC65E1B71E8}
	EndGlobalSection
	GlobalSection(ExtensibilityGlobals) = postSolution
		SolutionGuid = {50FD39FF-49FD-45CD-AE3A-176FC71D660F}
	EndGlobalSection
EndGlobal
